
Microsoft Visual Studio Solution File, Format Version 12.00
# Visual Studio 15
VisualStudioVersion = 15.0.27428.2015
MinimumVisualStudioVersion = 10.0.40219.1
Project("{FAE04EC0-301F-11D3-BF4B-00C04F79EFBC}") = "eShopApp", "eShopApp\eShopApp.csproj", "{FA9FC65F-0626-4BA8-898E-1FE7E6905B40}"
EndProject
Project("{FAE04EC0-301F-11D3-BF4B-00C04F79EFBC}") = "Services", "Services\Services.csproj", "{1E67AA85-606E-4871-9B2A-D9F36D82D986}"
EndProject
Project("{FAE04EC0-301F-11D3-BF4B-00C04F79EFBC}") = "Entitites", "Entitites\Entitites.csproj", "{DC4878C5-369D-4154-9EEC-C16BF8674D19}"
EndProject
Global
	GlobalSection(SolutionConfigurationPlatforms) = preSolution
		Debug|Any CPU = Debug|Any CPU
		Release|Any CPU = Release|Any CPU
	EndGlobalSection
	GlobalSection(ProjectConfigurationPlatforms) = postSolution
		{FA9FC65F-0626-4BA8-898E-1FE7E6905B40}.Debug|Any CPU.ActiveCfg = Debug|Any CPU
		{FA9FC65F-0626-4BA8-898E-1FE7E6905B40}.Debug|Any CPU.Build.0 = Debug|Any CPU
		{FA9FC65F-0626-4BA8-898E-1FE7E6905B40}.Release|Any CPU.ActiveCfg = Release|Any CPU
		{FA9FC65F-0626-4BA8-898E-1FE7E6905B40}.Release|Any CPU.Build.0 = Release|Any CPU
		{1E67AA85-606E-4871-9B2A-D9F36D82D986}.Debug|Any CPU.ActiveCfg = Debug|Any CPU
		{1E67AA85-606E-4871-9B2A-D9F36D82D986}.Debug|Any CPU.Build.0 = Debug|Any CPU
		{1E67AA85-606E-4871-9B2A-D9F36D82D986}.Release|Any CPU.ActiveCfg = Release|Any CPU
		{1E67AA85-606E-4871-9B2A-D9F36D82D986}.Release|Any CPU.Build.0 = Release|Any CPU
		{DC4878C5-369D-4154-9EEC-C16BF8674D19}.Debug|Any CPU.ActiveCfg = Debug|Any CPU
		{DC4878C5-369D-4154-9EEC-C16BF8674D19}.Debug|Any CPU.Build.0 = Debug|Any CPU
		{DC4878C5-369D-4154-9EEC-C16BF8674D19}.Release|Any CPU.ActiveCfg = Release|Any CPU
		{DC4878C5-369D-4154-9EEC-C16BF8674D19}.Release|Any CPU.Build.0 = Release|Any CPU
	EndGlobalSection
	GlobalSection(SolutionProperties) = preSolution
		HideSolutionNode = FALSE
	EndGlobalSection
	GlobalSection(ExtensibilityGlobals) = postSolution
		SolutionGuid = {C57914ED-CD67-422E-A23D-82EF92E4D04A}
	EndGlobalSection
EndGlobal
